
Microsoft Visual Studio Solution File, Format Version 12.00
# Visual Studio 15
VisualStudioVersion = 15.0.27703.2018
MinimumVisualStudioVersion = 10.0.40219.1
Project("{FAE04EC0-301F-11D3-BF4B-00C04F79EFBC}") = "DockerWebApp", "DockerWebApp\DockerWebApp.csproj", "{40559E2F-E269-4772-A3E5-6ADD3849EC8D}"
EndProject
Project("{E53339B2-1760-4266-BCC7-CA923CBCF16C}") = "docker-compose", "docker-compose.dcproj", "{1893923B-CB50-4733-A9FC-DEA0B479A229}"
EndProject
Global
	GlobalSection(SolutionConfigurationPlatforms) = preSolution
		Debug|Any CPU = Debug|Any CPU
		Release|Any CPU = Release|Any CPU
	EndGlobalSection
	GlobalSection(ProjectConfigurationPlatforms) = postSolution
		{40559E2F-E269-4772-A3E5-6ADD3849EC8D}.Debug|Any CPU.ActiveCfg = Debug|Any CPU
		{40559E2F-E269-4772-A3E5-6ADD3849EC8D}.Debug|Any CPU.Build.0 = Debug|Any CPU
		{40559E2F-E269-4772-A3E5-6ADD3849EC8D}.Release|Any CPU.ActiveCfg = Release|Any CPU
		{40559E2F-E269-4772-A3E5-6ADD3849EC8D}.Release|Any CPU.Build.0 = Release|Any CPU
		{1893923B-CB50-4733-A9FC-DEA0B479A229}.Debug|Any CPU.ActiveCfg = Debug|Any CPU
		{1893923B-CB50-4733-A9FC-DEA0B479A229}.Debug|Any CPU.Build.0 = Debug|Any CPU
		{1893923B-CB50-4733-A9FC-DEA0B479A229}.Release|Any CPU.ActiveCfg = Release|Any CPU
		{1893923B-CB50-4733-A9FC-DEA0B479A229}.Release|Any CPU.Build.0 = Release|Any CPU
	EndGlobalSection
	GlobalSection(SolutionProperties) = preSolution
		HideSolutionNode = FALSE
	EndGlobalSection
	GlobalSection(ExtensibilityGlobals) = postSolution
		SolutionGuid = {D8911633-532F-4204-A32B-FC201A4C2773}
	EndGlobalSection
EndGlobal
